// !$*UTF8*$!
{
	archiveVersion = 1;
	classes = {
	};
	objectVersion = 56;
	objects = {

/* Begin PBXBuildFile section */
		C902C2142B77C3760090C537 /* AppleFrameworkApp.swift in Sources */ = {isa = PBXBuildFile; fileRef = C902C2132B77C3760090C537 /* AppleFrameworkApp.swift */; };
		C902C2182B77C3770090C537 /* Assets.xcassets in Resources */ = {isa = PBXBuildFile; fileRef = C902C2172B77C3770090C537 /* Assets.xcassets */; };
		C902C21B2B77C3770090C537 /* Preview Assets.xcassets in Resources */ = {isa = PBXBuildFile; fileRef = C902C21A2B77C3770090C537 /* Preview Assets.xcassets */; };
		C902C2252B77C3770090C537 /* AppleFrameworkTests.swift in Sources */ = {isa = PBXBuildFile; fileRef = C902C2242B77C3770090C537 /* AppleFrameworkTests.swift */; };
		C902C22F2B77C3770090C537 /* AppleFrameworkUITests.swift in Sources */ = {isa = PBXBuildFile; fileRef = C902C22E2B77C3770090C537 /* AppleFrameworkUITests.swift */; };
		C902C2312B77C3770090C537 /* AppleFrameworkUITestsLaunchTests.swift in Sources */ = {isa = PBXBuildFile; fileRef = C902C2302B77C3770090C537 /* AppleFrameworkUITestsLaunchTests.swift */; };
		C902C23E2B77C3C70090C537 /* Framework.swift in Sources */ = {isa = PBXBuildFile; fileRef = C902C23D2B77C3C70090C537 /* Framework.swift */; };
		C902C2402B77C58D0090C537 /* FrameworkGridView.swift in Sources */ = {isa = PBXBuildFile; fileRef = C902C23F2B77C58D0090C537 /* FrameworkGridView.swift */; };
		C902C2422B77CF430090C537 /* DetailedView.swift in Sources */ = {isa = PBXBuildFile; fileRef = C902C2412B77CF430090C537 /* DetailedView.swift */; };
		C902C2442B77D2100090C537 /* AFButton.swift in Sources */ = {isa = PBXBuildFile; fileRef = C902C2432B77D2100090C537 /* AFButton.swift */; };
		C902C24A2B77DCFF0090C537 /* FrameworkViewModel.swift in Sources */ = {isa = PBXBuildFile; fileRef = C902C2492B77DCFF0090C537 /* FrameworkViewModel.swift */; };
		C902C24C2B77E8610090C537 /* SafariView.swift in Sources */ = {isa = PBXBuildFile; fileRef = C902C24B2B77E8610090C537 /* SafariView.swift */; };
		C902C24E2B77ED880090C537 /* Xbutton.swift in Sources */ = {isa = PBXBuildFile; fileRef = C902C24D2B77ED880090C537 /* Xbutton.swift */; };
/* End PBXBuildFile section */

/* Begin PBXContainerItemProxy section */
		C902C2212B77C3770090C537 /* PBXContainerItemProxy */ = {
			isa = PBXContainerItemProxy;
			containerPortal = C902C2082B77C3760090C537 /* Project object */;
			proxyType = 1;
			remoteGlobalIDString = C902C20F2B77C3760090C537;
			remoteInfo = AppleFramework;
		};
		C902C22B2B77C3770090C537 /* PBXContainerItemProxy */ = {
			isa = PBXContainerItemProxy;
			containerPortal = C902C2082B77C3760090C537 /* Project object */;
			proxyType = 1;
			remoteGlobalIDString = C902C20F2B77C3760090C537;
			remoteInfo = AppleFramework;
		};
/* End PBXContainerItemProxy section */

/* Begin PBXFileReference section */
		C902C2102B77C3760090C537 /* AppleFramework.app */ = {isa = PBXFileReference; explicitFileType = wrapper.application; includeInIndex = 0; path = AppleFramework.app; sourceTree = BUILT_PRODUCTS_DIR; };
		C902C2132B77C3760090C537 /* AppleFrameworkApp.swift */ = {isa = PBXFileReference; lastKnownFileType = sourcecode.swift; path = AppleFrameworkApp.swift; sourceTree = "<group>"; };
		C902C2172B77C3770090C537 /* Assets.xcassets */ = {isa = PBXFileReference; lastKnownFileType = folder.assetcatalog; path = Assets.xcassets; sourceTree = "<group>"; };
		C902C21A2B77C3770090C537 /* Preview Assets.xcassets */ = {isa = PBXFileReference; lastKnownFileType = folder.assetcatalog; path = "Preview Assets.xcassets"; sourceTree = "<group>"; };
		C902C2202B77C3770090C537 /* AppleFrameworkTests.xctest */ = {isa = PBXFileReference; explicitFileType = wrapper.cfbundle; includeInIndex = 0; path = AppleFrameworkTests.xctest; sourceTree = BUILT_PRODUCTS_DIR; };
		C902C2242B77C3770090C537 /* AppleFrameworkTests.swift */ = {isa = PBXFileReference; lastKnownFileType = sourcecode.swift; path = AppleFrameworkTests.swift; sourceTree = "<group>"; };
		C902C22A2B77C3770090C537 /* AppleFrameworkUITests.xctest */ = {isa = PBXFileReference; explicitFileType = wrapper.cfbundle; includeInIndex = 0; path = AppleFrameworkUITests.xctest; sourceTree = BUILT_PRODUCTS_DIR; };
		C902C22E2B77C3770090C537 /* AppleFrameworkUITests.swift */ = {isa = PBXFileReference; lastKnownFileType = sourcecode.swift; path = AppleFrameworkUITests.swift; sourceTree = "<group>"; };
		C902C2302B77C3770090C537 /* AppleFrameworkUITestsLaunchTests.swift */ = {isa = PBXFileReference; lastKnownFileType = sourcecode.swift; path = AppleFrameworkUITestsLaunchTests.swift; sourceTree = "<group>"; };
		C902C23D2B77C3C70090C537 /* Framework.swift */ = {isa = PBXFileReference; lastKnownFileType = sourcecode.swift; path = Framework.swift; sourceTree = "<group>"; };
		C902C23F2B77C58D0090C537 /* FrameworkGridView.swift */ = {isa = PBXFileReference; lastKnownFileType = sourcecode.swift; path = FrameworkGridView.swift; sourceTree = "<group>"; };
		C902C2412B77CF430090C537 /* DetailedView.swift */ = {isa = PBXFileReference; lastKnownFileType = sourcecode.swift; path = DetailedView.swift; sourceTree = "<group>"; };
		C902C2432B77D2100090C537 /* AFButton.swift */ = {isa = PBXFileReference; lastKnownFileType = sourcecode.swift; path = AFButton.swift; sourceTree = "<group>"; };
		C902C2492B77DCFF0090C537 /* FrameworkViewModel.swift */ = {isa = PBXFileReference; lastKnownFileType = sourcecode.swift; path = FrameworkViewModel.swift; sourceTree = "<group>"; };
		C902C24B2B77E8610090C537 /* SafariView.swift */ = {isa = PBXFileReference; lastKnownFileType = sourcecode.swift; path = SafariView.swift; sourceTree = "<group>"; };
		C902C24D2B77ED880090C537 /* Xbutton.swift */ = {isa = PBXFileReference; lastKnownFileType = sourcecode.swift; path = Xbutton.swift; sourceTree = "<group>"; };
/* End PBXFileReference section */

/* Begin PBXFrameworksBuildPhase section */
		C902C20D2B77C3760090C537 /* Frameworks */ = {
			isa = PBXFrameworksBuildPhase;
			buildActionMask = 2147483647;
			files = (
			);
			runOnlyForDeploymentPostprocessing = 0;
		};
		C902C21D2B77C3770090C537 /* Frameworks */ = {
			isa = PBXFrameworksBuildPhase;
			buildActionMask = 2147483647;
			files = (
			);
			runOnlyForDeploymentPostprocessing = 0;
		};
		C902C2272B77C3770090C537 /* Frameworks */ = {
			isa = PBXFrameworksBuildPhase;
			buildActionMask = 2147483647;
			files = (
			);
			runOnlyForDeploymentPostprocessing = 0;
		};
/* End PBXFrameworksBuildPhase section */

/* Begin PBXGroup section */
		C902C2072B77C3760090C537 = {
			isa = PBXGroup;
			children = (
				C902C2122B77C3760090C537 /* AppleFramework */,
				C902C2232B77C3770090C537 /* AppleFrameworkTests */,
				C902C22D2B77C3770090C537 /* AppleFrameworkUITests */,
				C902C2112B77C3760090C537 /* Products */,
			);
			sourceTree = "<group>";
		};
		C902C2112B77C3760090C537 /* Products */ = {
			isa = PBXGroup;
			children = (
				C902C2102B77C3760090C537 /* AppleFramework.app */,
				C902C2202B77C3770090C537 /* AppleFrameworkTests.xctest */,
				C902C22A2B77C3770090C537 /* AppleFrameworkUITests.xctest */,
			);
			name = Products;
			sourceTree = "<group>";
		};
		C902C2122B77C3760090C537 /* AppleFramework */ = {
			isa = PBXGroup;
			children = (
				C902C23F2B77C58D0090C537 /* FrameworkGridView.swift */,
				C902C23D2B77C3C70090C537 /* Framework.swift */,
				C902C2412B77CF430090C537 /* DetailedView.swift */,
				C902C2492B77DCFF0090C537 /* FrameworkViewModel.swift */,
				C902C2432B77D2100090C537 /* AFButton.swift */,
				C902C2132B77C3760090C537 /* AppleFrameworkApp.swift */,
				C902C2172B77C3770090C537 /* Assets.xcassets */,
				C902C2192B77C3770090C537 /* Preview Content */,
				C902C24B2B77E8610090C537 /* SafariView.swift */,
				C902C24D2B77ED880090C537 /* Xbutton.swift */,
			);
			path = AppleFramework;
			sourceTree = "<group>";
		};
		C902C2192B77C3770090C537 /* Preview Content */ = {
			isa = PBXGroup;
			children = (
				C902C21A2B77C3770090C537 /* Preview Assets.xcassets */,
			);
			path = "Preview Content";
			sourceTree = "<group>";
		};
		C902C2232B77C3770090C537 /* AppleFrameworkTests */ = {
			isa = PBXGroup;
			children = (
				C902C2242B77C3770090C537 /* AppleFrameworkTests.swift */,
			);
			path = AppleFrameworkTests;
			sourceTree = "<group>";
		};
		C902C22D2B77C3770090C537 /* AppleFrameworkUITests */ = {
			isa = PBXGroup;
			children = (
				C902C22E2B77C3770090C537 /* AppleFrameworkUITests.swift */,
				C902C2302B77C3770090C537 /* AppleFrameworkUITestsLaunchTests.swift */,
			);
			path = AppleFrameworkUITests;
			sourceTree = "<group>";
		};
/* End PBXGroup section */

/* Begin PBXNativeTarget section */
		C902C20F2B77C3760090C537 /* AppleFramework */ = {
			isa = PBXNativeTarget;
			buildConfigurationList = C902C2342B77C3770090C537 /* Build configuration list for PBXNativeTarget "AppleFramework" */;
			buildPhases = (
				C902C20C2B77C3760090C537 /* Sources */,
				C902C20D2B77C3760090C537 /* Frameworks */,
				C902C20E2B77C3760090C537 /* Resources */,
			);
			buildRules = (
			);
			dependencies = (
			);
			name = AppleFramework;
			productName = AppleFramework;
			productReference = C902C2102B77C3760090C537 /* AppleFramework.app */;
			productType = "com.apple.product-type.application";
		};
		C902C21F2B77C3770090C537 /* AppleFrameworkTests */ = {
			isa = PBXNativeTarget;
			buildConfigurationList = C902C2372B77C3770090C537 /* Build configuration list for PBXNativeTarget "AppleFrameworkTests" */;
			buildPhases = (
				C902C21C2B77C3770090C537 /* Sources */,
				C902C21D2B77C3770090C537 /* Frameworks */,
				C902C21E2B77C3770090C537 /* Resources */,
			);
			buildRules = (
			);
			dependencies = (
				C902C2222B77C3770090C537 /* PBXTargetDependency */,
			);
			name = AppleFrameworkTests;
			productName = AppleFrameworkTests;
			productReference = C902C2202B77C3770090C537 /* AppleFrameworkTests.xctest */;
			productType = "com.apple.product-type.bundle.unit-test";
		};
		C902C2292B77C3770090C537 /* AppleFrameworkUITests */ = {
			isa = PBXNativeTarget;
			buildConfigurationList = C902C23A2B77C3770090C537 /* Build configuration list for PBXNativeTarget "AppleFrameworkUITests" */;
			buildPhases = (
				C902C2262B77C3770090C537 /* Sources */,
				C902C2272B77C3770090C537 /* Frameworks */,
				C902C2282B77C3770090C537 /* Resources */,
			);
			buildRules = (
			);
			dependencies = (
				C902C22C2B77C3770090C537 /* PBXTargetDependency */,
			);
			name = AppleFrameworkUITests;
			productName = AppleFrameworkUITests;
			productReference = C902C22A2B77C3770090C537 /* AppleFrameworkUITests.xctest */;
			productType = "com.apple.product-type.bundle.ui-testing";
		};
/* End PBXNativeTarget section */

/* Begin PBXProject section */
		C902C2082B77C3760090C537 /* Project object */ = {
			isa = PBXProject;
			attributes = {
				BuildIndependentTargetsInParallel = 1;
				LastSwiftUpdateCheck = 1520;
				LastUpgradeCheck = 1520;
				TargetAttributes = {
					C902C20F2B77C3760090C537 = {
						CreatedOnToolsVersion = 15.2;
					};
					C902C21F2B77C3770090C537 = {
						CreatedOnToolsVersion = 15.2;
						TestTargetID = C902C20F2B77C3760090C537;
					};
					C902C2292B77C3770090C537 = {
						CreatedOnToolsVersion = 15.2;
						TestTargetID = C902C20F2B77C3760090C537;
					};
				};
			};
			buildConfigurationList = C902C20B2B77C3760090C537 /* Build configuration list for PBXProject "AppleFramework" */;
			compatibilityVersion = "Xcode 14.0";
			developmentRegion = en;
			hasScannedForEncodings = 0;
			knownRegions = (
				en,
				Base,
			);
			mainGroup = C902C2072B77C3760090C537;
			productRefGroup = C902C2112B77C3760090C537 /* Products */;
			projectDirPath = "";
			projectRoot = "";
			targets = (
				C902C20F2B77C3760090C537 /* AppleFramework */,
				C902C21F2B77C3770090C537 /* AppleFrameworkTests */,
				C902C2292B77C3770090C537 /* AppleFrameworkUITests */,
			);
		};
/* End PBXProject section */

/* Begin PBXResourcesBuildPhase section */
		C902C20E2B77C3760090C537 /* Resources */ = {
			isa = PBXResourcesBuildPhase;
			buildActionMask = 2147483647;
			files = (
				C902C21B2B77C3770090C537 /* Preview Assets.xcassets in Resources */,
				C902C2182B77C3770090C537 /* Assets.xcassets in Resources */,
			);
			runOnlyForDeploymentPostprocessing = 0;
		};
		C902C21E2B77C3770090C537 /* Resources */ = {
			isa = PBXResourcesBuildPhase;
			buildActionMask = 2147483647;
			files = (
			);
			runOnlyForDeploymentPostprocessing = 0;
		};
		C902C2282B77C3770090C537 /* Resources */ = {
			isa = PBXResourcesBuildPhase;
			buildActionMask = 2147483647;
			files = (
			);
			runOnlyForDeploymentPostprocessing = 0;
		};
/* End PBXResourcesBuildPhase section */

/* Begin PBXSourcesBuildPhase section */
		C902C20C2B77C3760090C537 /* Sources */ = {
			isa = PBXSourcesBuildPhase;
			buildActionMask = 2147483647;
			files = (
				C902C2422B77CF430090C537 /* DetailedView.swift in Sources */,
				C902C2402B77C58D0090C537 /* FrameworkGridView.swift in Sources */,
				C902C23E2B77C3C70090C537 /* Framework.swift in Sources */,
				C902C24A2B77DCFF0090C537 /* FrameworkViewModel.swift in Sources */,
				C902C24E2B77ED880090C537 /* Xbutton.swift in Sources */,
				C902C2442B77D2100090C537 /* AFButton.swift in Sources */,
				C902C2142B77C3760090C537 /* AppleFrameworkApp.swift in Sources */,
				C902C24C2B77E8610090C537 /* SafariView.swift in Sources */,
			);
			runOnlyForDeploymentPostprocessing = 0;
		};
		C902C21C2B77C3770090C537 /* Sources */ = {
			isa = PBXSourcesBuildPhase;
			buildActionMask = 2147483647;
			files = (
				C902C2252B77C3770090C537 /* AppleFrameworkTests.swift in Sources */,
			);
			runOnlyForDeploymentPostprocessing = 0;
		};
		C902C2262B77C3770090C537 /* Sources */ = {
			isa = PBXSourcesBuildPhase;
			buildActionMask = 2147483647;
			files = (
				C902C2312B77C3770090C537 /* AppleFrameworkUITestsLaunchTests.swift in Sources */,
				C902C22F2B77C3770090C537 /* AppleFrameworkUITests.swift in Sources */,
			);
			runOnlyForDeploymentPostprocessing = 0;
		};
/* End PBXSourcesBuildPhase section */

/* Begin PBXTargetDependency section */
		C902C2222B77C3770090C537 /* PBXTargetDependency */ = {
			isa = PBXTargetDependency;
			target = C902C20F2B77C3760090C537 /* AppleFramework */;
			targetProxy = C902C2212B77C3770090C537 /* PBXContainerItemProxy */;
		};
		C902C22C2B77C3770090C537 /* PBXTargetDependency */ = {
			isa = PBXTargetDependency;
			target = C902C20F2B77C3760090C537 /* AppleFramework */;
			targetProxy = C902C22B2B77C3770090C537 /* PBXContainerItemProxy */;
		};
/* End PBXTargetDependency section */

/* Begin XCBuildConfiguration section */
		C902C2322B77C3770090C537 /* Debug */ = {
			isa = XCBuildConfiguration;
			buildSettings = {
				ALWAYS_SEARCH_USER_PATHS = NO;
				ASSETCATALOG_COMPILER_GENERATE_SWIFT_ASSET_SYMBOL_EXTENSIONS = YES;
				CLANG_ANALYZER_NONNULL = YES;
				CLANG_ANALYZER_NUMBER_OBJECT_CONVERSION = YES_AGGRESSIVE;
				CLANG_CXX_LANGUAGE_STANDARD = "gnu++20";
				CLANG_ENABLE_MODULES = YES;
				CLANG_ENABLE_OBJC_ARC = YES;
				CLANG_ENABLE_OBJC_WEAK = YES;
				CLANG_WARN_BLOCK_CAPTURE_AUTORELEASING = YES;
				CLANG_WARN_BOOL_CONVERSION = YES;
				CLANG_WARN_COMMA = YES;
				CLANG_WARN_CONSTANT_CONVERSION = YES;
				CLANG_WARN_DEPRECATED_OBJC_IMPLEMENTATIONS = YES;
				CLANG_WARN_DIRECT_OBJC_ISA_USAGE = YES_ERROR;
				CLANG_WARN_DOCUMENTATION_COMMENTS = YES;
				CLANG_WARN_EMPTY_BODY = YES;
				CLANG_WARN_ENUM_CONVERSION = YES;
				CLANG_WARN_INFINITE_RECURSION = YES;
				CLANG_WARN_INT_CONVERSION = YES;
				CLANG_WARN_NON_LITERAL_NULL_CONVERSION = YES;
				CLANG_WARN_OBJC_IMPLICIT_RETAIN_SELF = YES;
				CLANG_WARN_OBJC_LITERAL_CONVERSION = YES;
				CLANG_WARN_OBJC_ROOT_CLASS = YES_ERROR;
				CLANG_WARN_QUOTED_INCLUDE_IN_FRAMEWORK_HEADER = YES;
				CLANG_WARN_RANGE_LOOP_ANALYSIS = YES;
				CLANG_WARN_STRICT_PROTOTYPES = YES;
				CLANG_WARN_SUSPICIOUS_MOVE = YES;
				CLANG_WARN_UNGUARDED_AVAILABILITY = YES_AGGRESSIVE;
				CLANG_WARN_UNREACHABLE_CODE = YES;
				CLANG_WARN__DUPLICATE_METHOD_MATCH = YES;
				COPY_PHASE_STRIP = NO;
				DEBUG_INFORMATION_FORMAT = dwarf;
				ENABLE_STRICT_OBJC_MSGSEND = YES;
				ENABLE_TESTABILITY = YES;
				ENABLE_USER_SCRIPT_SANDBOXING = YES;
				GCC_C_LANGUAGE_STANDARD = gnu17;
				GCC_DYNAMIC_NO_PIC = NO;
				GCC_NO_COMMON_BLOCKS = YES;
				GCC_OPTIMIZATION_LEVEL = 0;
				GCC_PREPROCESSOR_DEFINITIONS = (
					"DEBUG=1",
					"$(inherited)",
				);
				GCC_WARN_64_TO_32_BIT_CONVERSION = YES;
				GCC_WARN_ABOUT_RETURN_TYPE = YES_ERROR;
				GCC_WARN_UNDECLARED_SELECTOR = YES;
				GCC_WARN_UNINITIALIZED_AUTOS = YES_AGGRESSIVE;
				GCC_WARN_UNUSED_FUNCTION = YES;
				GCC_WARN_UNUSED_VARIABLE = YES;
				IPHONEOS_DEPLOYMENT_TARGET = 17.2;
				LOCALIZATION_PREFERS_STRING_CATALOGS = YES;
				MTL_ENABLE_DEBUG_INFO = INCLUDE_SOURCE;
				MTL_FAST_MATH = YES;
				ONLY_ACTIVE_ARCH = YES;
				SDKROOT = iphoneos;
				SWIFT_ACTIVE_COMPILATION_CONDITIONS = "DEBUG $(inherited)";
				SWIFT_OPTIMIZATION_LEVEL = "-Onone";
			};
			name = Debug;
		};
		C902C2332B77C3770090C537 /* Release */ = {
			isa = XCBuildConfiguration;
			buildSettings = {
				ALWAYS_SEARCH_USER_PATHS = NO;
				ASSETCATALOG_COMPILER_GENERATE_SWIFT_ASSET_SYMBOL_EXTENSIONS = YES;
				CLANG_ANALYZER_NONNULL = YES;
				CLANG_ANALYZER_NUMBER_OBJECT_CONVERSION = YES_AGGRESSIVE;
				CLANG_CXX_LANGUAGE_STANDARD = "gnu++20";
				CLANG_ENABLE_MODULES = YES;
				CLANG_ENABLE_OBJC_ARC = YES;
				CLANG_ENABLE_OBJC_WEAK = YES;
				CLANG_WARN_BLOCK_CAPTURE_AUTORELEASING = YES;
				CLANG_WARN_BOOL_CONVERSION = YES;
				CLANG_WARN_COMMA = YES;
				CLANG_WARN_CONSTANT_CONVERSION = YES;
				CLANG_WARN_DEPRECATED_OBJC_IMPLEMENTATIONS = YES;
				CLANG_WARN_DIRECT_OBJC_ISA_USAGE = YES_ERROR;
				CLANG_WARN_DOCUMENTATION_COMMENTS = YES;
				CLANG_WARN_EMPTY_BODY = YES;
				CLANG_WARN_ENUM_CONVERSION = YES;
				CLANG_WARN_INFINITE_RECURSION = YES;
				CLANG_WARN_INT_CONVERSION = YES;
				CLANG_WARN_NON_LITERAL_NULL_CONVERSION = YES;
				CLANG_WARN_OBJC_IMPLICIT_RETAIN_SELF = YES;
				CLANG_WARN_OBJC_LITERAL_CONVERSION = YES;
				CLANG_WARN_OBJC_ROOT_CLASS = YES_ERROR;
				CLANG_WARN_QUOTED_INCLUDE_IN_FRAMEWORK_HEADER = YES;
				CLANG_WARN_RANGE_LOOP_ANALYSIS = YES;
				CLANG_WARN_STRICT_PROTOTYPES = YES;
				CLANG_WARN_SUSPICIOUS_MOVE = YES;
				CLANG_WARN_UNGUARDED_AVAILABILITY = YES_AGGRESSIVE;
				CLANG_WARN_UNREACHABLE_CODE = YES;
				CLANG_WARN__DUPLICATE_METHOD_MATCH = YES;
				COPY_PHASE_STRIP = NO;
				DEBUG_INFORMATION_FORMAT = "dwarf-with-dsym";
				ENABLE_NS_ASSERTIONS = NO;
				ENABLE_STRICT_OBJC_MSGSEND = YES;
				ENABLE_USER_SCRIPT_SANDBOXING = YES;
				GCC_C_LANGUAGE_STANDARD = gnu17;
				GCC_NO_COMMON_BLOCKS = YES;
				GCC_WARN_64_TO_32_BIT_CONVERSION = YES;
				GCC_WARN_ABOUT_RETURN_TYPE = YES_ERROR;
				GCC_WARN_UNDECLARED_SELECTOR = YES;
				GCC_WARN_UNINITIALIZED_AUTOS = YES_AGGRESSIVE;
				GCC_WARN_UNUSED_FUNCTION = YES;
				GCC_WARN_UNUSED_VARIABLE = YES;
				IPHONEOS_DEPLOYMENT_TARGET = 17.2;
				LOCALIZATION_PREFERS_STRING_CATALOGS = YES;
				MTL_ENABLE_DEBUG_INFO = NO;
				MTL_FAST_MATH = YES;
				SDKROOT = iphoneos;
				SWIFT_COMPILATION_MODE = wholemodule;
				VALIDATE_PRODUCT = YES;
			};
			name = Release;
		};
		C902C2352B77C3770090C537 /* Debug */ = {
			isa = XCBuildConfiguration;
			buildSettings = {
				ASSETCATALOG_COMPILER_APPICON_NAME = AppIcon;
				ASSETCATALOG_COMPILER_GLOBAL_ACCENT_COLOR_NAME = AccentColor;
				CODE_SIGN_STYLE = Automatic;
				CURRENT_PROJECT_VERSION = 1;
				DEVELOPMENT_ASSET_PATHS = "\"AppleFramework/Preview Content\"";
				ENABLE_PREVIEWS = YES;
				GENERATE_INFOPLIST_FILE = YES;
				INFOPLIST_KEY_UIApplicationSceneManifest_Generation = YES;
				INFOPLIST_KEY_UIApplicationSupportsIndirectInputEvents = YES;
				INFOPLIST_KEY_UILaunchScreen_Generation = YES;
				INFOPLIST_KEY_UISupportedInterfaceOrientations_iPad = "UIInterfaceOrientationPortrait UIInterfaceOrientationPortraitUpsideDown UIInterfaceOrientationLandscapeLeft UIInterfaceOrientationLandscapeRight";
				INFOPLIST_KEY_UISupportedInterfaceOrientations_iPhone = "UIInterfaceOrientationPortrait UIInterfaceOrientationLandscapeLeft UIInterfaceOrientationLandscapeRight";
				LD_RUNPATH_SEARCH_PATHS = (
					"$(inherited)",
					"@executable_path/Frameworks",
				);
				MARKETING_VERSION = 1.0;
				PRODUCT_BUNDLE_IDENTIFIER = prince.AppleFramework;
				PRODUCT_NAME = "$(TARGET_NAME)";
				SWIFT_EMIT_LOC_STRINGS = YES;
				SWIFT_VERSION = 5.0;
				TARGETED_DEVICE_FAMILY = "1,2";
			};
			name = Debug;
		};
		C902C2362B77C3770090C537 /* Release */ = {
			isa = XCBuildConfiguration;
			buildSettings = {
				ASSETCATALOG_COMPILER_APPICON_NAME = AppIcon;
				ASSETCATALOG_COMPILER_GLOBAL_ACCENT_COLOR_NAME = AccentColor;
				CODE_SIGN_STYLE = Automatic;
				CURRENT_PROJECT_VERSION = 1;
				DEVELOPMENT_ASSET_PATHS = "\"AppleFramework/Preview Content\"";
				ENABLE_PREVIEWS = YES;
				GENERATE_INFOPLIST_FILE = YES;
				INFOPLIST_KEY_UIApplicationSceneManifest_Generation = YES;
				INFOPLIST_KEY_UIApplicationSupportsIndirectInputEvents = YES;
				INFOPLIST_KEY_UILaunchScreen_Generation = YES;
				INFOPLIST_KEY_UISupportedInterfaceOrientations_iPad = "UIInterfaceOrientationPortrait UIInterfaceOrientationPortraitUpsideDown UIInterfaceOrientationLandscapeLeft UIInterfaceOrientationLandscapeRight";
				INFOPLIST_KEY_UISupportedInterfaceOrientations_iPhone = "UIInterfaceOrientationPortrait UIInterfaceOrientationLandscapeLeft UIInterfaceOrientationLandscapeRight";
				LD_RUNPATH_SEARCH_PATHS = (
					"$(inherited)",
					"@executable_path/Frameworks",
				);
				MARKETING_VERSION = 1.0;
				PRODUCT_BUNDLE_IDENTIFIER = prince.AppleFramework;
				PRODUCT_NAME = "$(TARGET_NAME)";
				SWIFT_EMIT_LOC_STRINGS = YES;
				SWIFT_VERSION = 5.0;
				TARGETED_DEVICE_FAMILY = "1,2";
			};
			name = Release;
		};
		C902C2382B77C3770090C537 /* Debug */ = {
			isa = XCBuildConfiguration;
			buildSettings = {
				ALWAYS_EMBED_SWIFT_STANDARD_LIBRARIES = YES;
				BUNDLE_LOADER = "$(TEST_HOST)";
				CODE_SIGN_STYLE = Automatic;
				CURRENT_PROJECT_VERSION = 1;
				GENERATE_INFOPLIST_FILE = YES;
				IPHONEOS_DEPLOYMENT_TARGET = 17.2;
				MARKETING_VERSION = 1.0;
				PRODUCT_BUNDLE_IDENTIFIER = prince.AppleFrameworkTests;
				PRODUCT_NAME = "$(TARGET_NAME)";
				SWIFT_EMIT_LOC_STRINGS = NO;
				SWIFT_VERSION = 5.0;
				TARGETED_DEVICE_FAMILY = "1,2";
				TEST_HOST = "$(BUILT_PRODUCTS_DIR)/AppleFramework.app/$(BUNDLE_EXECUTABLE_FOLDER_PATH)/AppleFramework";
			};
			name = Debug;
		};
		C902C2392B77C3770090C537 /* Release */ = {
			isa = XCBuildConfiguration;
			buildSettings = {
				ALWAYS_EMBED_SWIFT_STANDARD_LIBRARIES = YES;
				BUNDLE_LOADER = "$(TEST_HOST)";
				CODE_SIGN_STYLE = Automatic;
				CURRENT_PROJECT_VERSION = 1;
				GENERATE_INFOPLIST_FILE = YES;
				IPHONEOS_DEPLOYMENT_TARGET = 17.2;
				MARKETING_VERSION = 1.0;
				PRODUCT_BUNDLE_IDENTIFIER = prince.AppleFrameworkTests;
				PRODUCT_NAME = "$(TARGET_NAME)";
				SWIFT_EMIT_LOC_STRINGS = NO;
				SWIFT_VERSION = 5.0;
				TARGETED_DEVICE_FAMILY = "1,2";
				TEST_HOST = "$(BUILT_PRODUCTS_DIR)/AppleFramework.app/$(BUNDLE_EXECUTABLE_FOLDER_PATH)/AppleFramework";
			};
			name = Release;
		};
		C902C23B2B77C3770090C537 /* Debug */ = {
			isa = XCBuildConfiguration;
			buildSettings = {
				ALWAYS_EMBED_SWIFT_STANDARD_LIBRARIES = YES;
				CODE_SIGN_STYLE = Automatic;
				CURRENT_PROJECT_VERSION = 1;
				GENERATE_INFOPLIST_FILE = YES;
				MARKETING_VERSION = 1.0;
				PRODUCT_BUNDLE_IDENTIFIER = prince.AppleFrameworkUITests;
				PRODUCT_NAME = "$(TARGET_NAME)";
				SWIFT_EMIT_LOC_STRINGS = NO;
				SWIFT_VERSION = 5.0;
				TARGETED_DEVICE_FAMILY = "1,2";
				TEST_TARGET_NAME = AppleFramework;
			};
			name = Debug;
		};
		C902C23C2B77C3770090C537 /* Release */ = {
			isa = XCBuildConfiguration;
			buildSettings = {
				ALWAYS_EMBED_SWIFT_STANDARD_LIBRARIES = YES;
				CODE_SIGN_STYLE = Automatic;
				CURRENT_PROJECT_VERSION = 1;
				GENERATE_INFOPLIST_FILE = YES;
				MARKETING_VERSION = 1.0;
				PRODUCT_BUNDLE_IDENTIFIER = prince.AppleFrameworkUITests;
				PRODUCT_NAME = "$(TARGET_NAME)";
				SWIFT_EMIT_LOC_STRINGS = NO;
				SWIFT_VERSION = 5.0;
				TARGETED_DEVICE_FAMILY = "1,2";
				TEST_TARGET_NAME = AppleFramework;
			};
			name = Release;
		};
/* End XCBuildConfiguration section */

/* Begin XCConfigurationList section */
		C902C20B2B77C3760090C537 /* Build configuration list for PBXProject "AppleFramework" */ = {
			isa = XCConfigurationList;
			buildConfigurations = (
				C902C2322B77C3770090C537 /* Debug */,
				C902C2332B77C3770090C537 /* Release */,
			);
			defaultConfigurationIsVisible = 0;
			defaultConfigurationName = Release;
		};
		C902C2342B77C3770090C537 /* Build configuration list for PBXNativeTarget "AppleFramework" */ = {
			isa = XCConfigurationList;
			buildConfigurations = (
				C902C2352B77C3770090C537 /* Debug */,
				C902C2362B77C3770090C537 /* Release */,
			);
			defaultConfigurationIsVisible = 0;
			defaultConfigurationName = Release;
		};
		C902C2372B77C3770090C537 /* Build configuration list for PBXNativeTarget "AppleFrameworkTests" */ = {
			isa = XCConfigurationList;
			buildConfigurations = (
				C902C2382B77C3770090C537 /* Debug */,
				C902C2392B77C3770090C537 /* Release */,
			);
			defaultConfigurationIsVisible = 0;
			defaultConfigurationName = Release;
		};
		C902C23A2B77C3770090C537 /* Build configuration list for PBXNativeTarget "AppleFrameworkUITests" */ = {
			isa = XCConfigurationList;
			buildConfigurations = (
				C902C23B2B77C3770090C537 /* Debug */,
				C902C23C2B77C3770090C537 /* Release */,
			);
			defaultConfigurationIsVisible = 0;
			defaultConfigurationName = Release;
		};
/* End XCConfigurationList section */
	};
	rootObject = C902C2082B77C3760090C537 /* Project object */;
}
